{
  "requires": true,
  "lockfileVersion": 1,
  "dependencies": {
    "@ionic-native/sqlite": {
      "version": "4.18.0",
      "resolved": "https://registry.npmjs.org/@ionic-native/sqlite/-/sqlite-4.18.0.tgz",
      "integrity": "sha512-/fRScHIx1tp2h6xgWqv8UFCoMFDLwg9xvm5NCx+diSUUhC1s3n/3oy8oLTBYXUe9RWpgu5oOIrm9NZtzHvRvHQ=="
    }
  }
}
